
Microsoft Visual Studio Solution File, Format Version 12.00
# Visual Studio Version 16
VisualStudioVersion = 16.0.32126.315
MinimumVisualStudioVersion = 10.0.40219.1
Project("{FAE04EC0-301F-11D3-BF4B-00C04F79EFBC}") = "OptimizelyEpiserverTraining", "OptimizelyEpiserverTraining\OptimizelyEpiserverTraining.csproj", "{09089BFD-8937-4A5D-8B78-9687A4B2180E}"
EndProject
Project("{FAE04EC0-301F-11D3-BF4B-00C04F79EFBC}") = "AlloyTraining", "AlloyTraining\AlloyTraining.csproj", "{C8D3888D-DD61-44CE-842C-96CAC17773DE}"
EndProject
Global
	GlobalSection(SolutionConfigurationPlatforms) = preSolution
		Debug|Any CPU = Debug|Any CPU
		Release|Any CPU = Release|Any CPU
	EndGlobalSection
	GlobalSection(ProjectConfigurationPlatforms) = postSolution
		{09089BFD-8937-4A5D-8B78-9687A4B2180E}.Debug|Any CPU.ActiveCfg = Debug|Any CPU
		{09089BFD-8937-4A5D-8B78-9687A4B2180E}.Debug|Any CPU.Build.0 = Debug|Any CPU
		{09089BFD-8937-4A5D-8B78-9687A4B2180E}.Release|Any CPU.ActiveCfg = Release|Any CPU
		{09089BFD-8937-4A5D-8B78-9687A4B2180E}.Release|Any CPU.Build.0 = Release|Any CPU
		{C8D3888D-DD61-44CE-842C-96CAC17773DE}.Debug|Any CPU.ActiveCfg = Debug|Any CPU
		{C8D3888D-DD61-44CE-842C-96CAC17773DE}.Debug|Any CPU.Build.0 = Debug|Any CPU
		{C8D3888D-DD61-44CE-842C-96CAC17773DE}.Release|Any CPU.ActiveCfg = Release|Any CPU
		{C8D3888D-DD61-44CE-842C-96CAC17773DE}.Release|Any CPU.Build.0 = Release|Any CPU
	EndGlobalSection
	GlobalSection(SolutionProperties) = preSolution
		HideSolutionNode = FALSE
	EndGlobalSection
	GlobalSection(ExtensibilityGlobals) = postSolution
		SolutionGuid = {6639F60B-4E16-439B-AC17-6F01C4135AE5}
	EndGlobalSection
EndGlobal
